// !$*UTF8*$!
{
	archiveVersion = 1;
	classes = {
	};
	objectVersion = 52;
	objects = {

/* Begin PBXBuildFile section */
		3A789DFC26DCA6DB0035B61F /* TGCardViewController in Frameworks */ = {isa = PBXBuildFile; productRef = 3A789DFB26DCA6DB0035B61F /* TGCardViewController */; };
		3ACD929126CCF8CB0075CCF3 /* ExampleCardViewController.swift in Sources */ = {isa = PBXBuildFile; fileRef = 3ACD927226CCF8CB0075CCF3 /* ExampleCardViewController.swift */; };
		3ACD929226CCF8CB0075CCF3 /* ExampleCityCard.swift in Sources */ = {isa = PBXBuildFile; fileRef = 3ACD927426CCF8CB0075CCF3 /* ExampleCityCard.swift */; };
		3ACD929326CCF8CB0075CCF3 /* ExampleAccessoryView.swift in Sources */ = {isa = PBXBuildFile; fileRef = 3ACD927526CCF8CB0075CCF3 /* ExampleAccessoryView.swift */; };
		3ACD929426CCF8CB0075CCF3 /* ExampleLocationManager.swift in Sources */ = {isa = PBXBuildFile; fileRef = 3ACD927626CCF8CB0075CCF3 /* ExampleLocationManager.swift */; };
		3ACD929526CCF8CB0075CCF3 /* ExampleChildContentView.swift in Sources */ = {isa = PBXBuildFile; fileRef = 3ACD927726CCF8CB0075CCF3 /* ExampleChildContentView.swift */; };
		3ACD929626CCF8CB0075CCF3 /* ExamplePageCard.swift in Sources */ = {isa = PBXBuildFile; fileRef = 3ACD927826CCF8CB0075CCF3 /* ExamplePageCard.swift */; };
		3ACD929726CCF8CB0075CCF3 /* ExampleTableCard.swift in Sources */ = {isa = PBXBuildFile; fileRef = 3ACD927926CCF8CB0075CCF3 /* ExampleTableCard.swift */; };
		3ACD929826CCF8CB0075CCF3 /* ExampleChildContentView.xib in Resources */ = {isa = PBXBuildFile; fileRef = 3ACD927A26CCF8CB0075CCF3 /* ExampleChildContentView.xib */; };
		3ACD929926CCF8CB0075CCF3 /* ExampleChildCard.swift in Sources */ = {isa = PBXBuildFile; fileRef = 3ACD927B26CCF8CB0075CCF3 /* ExampleChildCard.swift */; };
		3ACD929A26CCF8CB0075CCF3 /* ExampleAccessoryView.xib in Resources */ = {isa = PBXBuildFile; fileRef = 3ACD927C26CCF8CB0075CCF3 /* ExampleAccessoryView.xib */; };
		3ACD929B26CCF8CB0075CCF3 /* ExampleTableDataSource.swift in Sources */ = {isa = PBXBuildFile; fileRef = 3ACD927D26CCF8CB0075CCF3 /* ExampleTableDataSource.swift */; };
		3ACD929C26CCF8CB0075CCF3 /* ExampleMapManager.swift in Sources */ = {isa = PBXBuildFile; fileRef = 3ACD927E26CCF8CB0075CCF3 /* ExampleMapManager.swift */; };
		3ACD929D26CCF8CB0075CCF3 /* ExampleTableChildCard.swift in Sources */ = {isa = PBXBuildFile; fileRef = 3ACD927F26CCF8CB0075CCF3 /* ExampleTableChildCard.swift */; };
		3ACD929E26CCF8CB0075CCF3 /* ExampleRootCard.swift in Sources */ = {isa = PBXBuildFile; fileRef = 3ACD928026CCF8CB0075CCF3 /* ExampleRootCard.swift */; };
		3ACD929F26CCF8CB0075CCF3 /* ExampleCustomTitleCard.swift in Sources */ = {isa = PBXBuildFile; fileRef = 3ACD928126CCF8CB0075CCF3 /* ExampleCustomTitleCard.swift */; };
		3ACD92A026CCF8CB0075CCF3 /* Helpers.swift in Sources */ = {isa = PBXBuildFile; fileRef = 3ACD928226CCF8CB0075CCF3 /* Helpers.swift */; };
		3ACD92A126CCF8CB0075CCF3 /* Assets.xcassets in Resources */ = {isa = PBXBuildFile; fileRef = 3ACD928326CCF8CB0075CCF3 /* Assets.xcassets */; };
		3ACD92A226CCF8CB0075CCF3 /* LaunchScreen.storyboard in Resources */ = {isa = PBXBuildFile; fileRef = 3ACD928426CCF8CB0075CCF3 /* LaunchScreen.storyboard */; };
		3ACD92A326CCF8CB0075CCF3 /* Main.storyboard in Resources */ = {isa = PBXBuildFile; fileRef = 3ACD928626CCF8CB0075CCF3 /* Main.storyboard */; };
		3ACD92A426CCF8CB0075CCF3 /* Default-568h@2x.png in Resources */ = {isa = PBXBuildFile; fileRef = 3ACD928826CCF8CB0075CCF3 /* Default-568h@2x.png */; };
		3ACD92A526CCF8CB0075CCF3 /* AppDelegate.swift in Sources */ = {isa = PBXBuildFile; fileRef = 3ACD928926CCF8CB0075CCF3 /* AppDelegate.swift */; };
		3ACD92A626CCF8CB0075CCF3 /* TurnByTurnHeaderView.xib in Resources */ = {isa = PBXBuildFile; fileRef = 3ACD928B26CCF8CB0075CCF3 /* TurnByTurnHeaderView.xib */; };
		3ACD92A726CCF8CB0075CCF3 /* TurnByTurnHeaderView.swift in Sources */ = {isa = PBXBuildFile; fileRef = 3ACD928C26CCF8CB0075CCF3 /* TurnByTurnHeaderView.swift */; };
		3ACD92A826CCF8CB0075CCF3 /* TurnByTurnTitleView.swift in Sources */ = {isa = PBXBuildFile; fileRef = 3ACD928D26CCF8CB0075CCF3 /* TurnByTurnTitleView.swift */; };
		3ACD92A926CCF8CB0075CCF3 /* TurnByTurnTitleView.xib in Resources */ = {isa = PBXBuildFile; fileRef = 3ACD928E26CCF8CB0075CCF3 /* TurnByTurnTitleView.xib */; };
/* End PBXBuildFile section */

/* Begin PBXCopyFilesBuildPhase section */
		3A7C348F201F2C0B00F66A35 /* Embed Frameworks */ = {
			isa = PBXCopyFilesBuildPhase;
			buildActionMask = 2147483647;
			dstPath = "";
			dstSubfolderSpec = 10;
			files = (
			);
			name = "Embed Frameworks";
			runOnlyForDeploymentPostprocessing = 0;
		};
/* End PBXCopyFilesBuildPhase section */

/* Begin PBXFileReference section */
		3AA58E6320D8FEAB00FE37B0 /* README.md */ = {isa = PBXFileReference; lastKnownFileType = net.daringfireball.markdown; path = README.md; sourceTree = SOURCE_ROOT; };
		3AA58E6420D8FEB400FE37B0 /* TGCardViewController.podspec */ = {isa = PBXFileReference; lastKnownFileType = text; path = TGCardViewController.podspec; sourceTree = SOURCE_ROOT; };
		3AA58E6520D8FEBA00FE37B0 /* LICENSE */ = {isa = PBXFileReference; lastKnownFileType = text; path = LICENSE; sourceTree = SOURCE_ROOT; };
		3ACA74801E716AFC00408678 /* Example.app */ = {isa = PBXFileReference; explicitFileType = wrapper.application; includeInIndex = 0; path = Example.app; sourceTree = BUILT_PRODUCTS_DIR; };
		3ACD927226CCF8CB0075CCF3 /* ExampleCardViewController.swift */ = {isa = PBXFileReference; fileEncoding = 4; lastKnownFileType = sourcecode.swift; path = ExampleCardViewController.swift; sourceTree = "<group>"; };
		3ACD927426CCF8CB0075CCF3 /* ExampleCityCard.swift */ = {isa = PBXFileReference; fileEncoding = 4; lastKnownFileType = sourcecode.swift; path = ExampleCityCard.swift; sourceTree = "<group>"; };
		3ACD927526CCF8CB0075CCF3 /* ExampleAccessoryView.swift */ = {isa = PBXFileReference; fileEncoding = 4; lastKnownFileType = sourcecode.swift; path = ExampleAccessoryView.swift; sourceTree = "<group>"; };
		3ACD927626CCF8CB0075CCF3 /* ExampleLocationManager.swift */ = {isa = PBXFileReference; fileEncoding = 4; lastKnownFileType = sourcecode.swift; path = ExampleLocationManager.swift; sourceTree = "<group>"; };
		3ACD927726CCF8CB0075CCF3 /* ExampleChildContentView.swift */ = {isa = PBXFileReference; fileEncoding = 4; lastKnownFileType = sourcecode.swift; path = ExampleChildContentView.swift; sourceTree = "<group>"; };
		3ACD927826CCF8CB0075CCF3 /* ExamplePageCard.swift */ = {isa = PBXFileReference; fileEncoding = 4; lastKnownFileType = sourcecode.swift; path = ExamplePageCard.swift; sourceTree = "<group>"; };
		3ACD927926CCF8CB0075CCF3 /* ExampleTableCard.swift */ = {isa = PBXFileReference; fileEncoding = 4; lastKnownFileType = sourcecode.swift; path = ExampleTableCard.swift; sourceTree = "<group>"; };
		3ACD927A26CCF8CB0075CCF3 /* ExampleChildContentView.xib */ = {isa = PBXFileReference; fileEncoding = 4; lastKnownFileType = file.xib; path = ExampleChildContentView.xib; sourceTree = "<group>"; };
		3ACD927B26CCF8CB0075CCF3 /* ExampleChildCard.swift */ = {isa = PBXFileReference; fileEncoding = 4; lastKnownFileType = sourcecode.swift; path = ExampleChildCard.swift; sourceTree = "<group>"; };
		3ACD927C26CCF8CB0075CCF3 /* ExampleAccessoryView.xib */ = {isa = PBXFileReference; fileEncoding = 4; lastKnownFileType = file.xib; path = ExampleAccessoryView.xib; sourceTree = "<group>"; };
		3ACD927D26CCF8CB0075CCF3 /* ExampleTableDataSource.swift */ = {isa = PBXFileReference; fileEncoding = 4; lastKnownFileType = sourcecode.swift; path = ExampleTableDataSource.swift; sourceTree = "<group>"; };
		3ACD927E26CCF8CB0075CCF3 /* ExampleMapManager.swift */ = {isa = PBXFileReference; fileEncoding = 4; lastKnownFileType = sourcecode.swift; path = ExampleMapManager.swift; sourceTree = "<group>"; };
		3ACD927F26CCF8CB0075CCF3 /* ExampleTableChildCard.swift */ = {isa = PBXFileReference; fileEncoding = 4; lastKnownFileType = sourcecode.swift; path = ExampleTableChildCard.swift; sourceTree = "<group>"; };
		3ACD928026CCF8CB0075CCF3 /* ExampleRootCard.swift */ = {isa = PBXFileReference; fileEncoding = 4; lastKnownFileType = sourcecode.swift; path = ExampleRootCard.swift; sourceTree = "<group>"; };
		3ACD928126CCF8CB0075CCF3 /* ExampleCustomTitleCard.swift */ = {isa = PBXFileReference; fileEncoding = 4; lastKnownFileType = sourcecode.swift; path = ExampleCustomTitleCard.swift; sourceTree = "<group>"; };
		3ACD928226CCF8CB0075CCF3 /* Helpers.swift */ = {isa = PBXFileReference; fileEncoding = 4; lastKnownFileType = sourcecode.swift; path = Helpers.swift; sourceTree = "<group>"; };
		3ACD928326CCF8CB0075CCF3 /* Assets.xcassets */ = {isa = PBXFileReference; lastKnownFileType = folder.assetcatalog; path = Assets.xcassets; sourceTree = "<group>"; };
		3ACD928526CCF8CB0075CCF3 /* Base */ = {isa = PBXFileReference; lastKnownFileType = file.storyboard; name = Base; path = Base.lproj/LaunchScreen.storyboard; sourceTree = "<group>"; };
		3ACD928726CCF8CB0075CCF3 /* Base */ = {isa = PBXFileReference; lastKnownFileType = file.storyboard; name = Base; path = Base.lproj/Main.storyboard; sourceTree = "<group>"; };
		3ACD928826CCF8CB0075CCF3 /* Default-568h@2x.png */ = {isa = PBXFileReference; lastKnownFileType = image.png; path = "Default-568h@2x.png"; sourceTree = "<group>"; };
		3ACD928926CCF8CB0075CCF3 /* AppDelegate.swift */ = {isa = PBXFileReference; fileEncoding = 4; lastKnownFileType = sourcecode.swift; path = AppDelegate.swift; sourceTree = "<group>"; };
		3ACD928B26CCF8CB0075CCF3 /* TurnByTurnHeaderView.xib */ = {isa = PBXFileReference; fileEncoding = 4; lastKnownFileType = file.xib; path = TurnByTurnHeaderView.xib; sourceTree = "<group>"; };
		3ACD928C26CCF8CB0075CCF3 /* TurnByTurnHeaderView.swift */ = {isa = PBXFileReference; fileEncoding = 4; lastKnownFileType = sourcecode.swift; path = TurnByTurnHeaderView.swift; sourceTree = "<group>"; };
		3ACD928D26CCF8CB0075CCF3 /* TurnByTurnTitleView.swift */ = {isa = PBXFileReference; fileEncoding = 4; lastKnownFileType = sourcecode.swift; path = TurnByTurnTitleView.swift; sourceTree = "<group>"; };
		3ACD928E26CCF8CB0075CCF3 /* TurnByTurnTitleView.xib */ = {isa = PBXFileReference; fileEncoding = 4; lastKnownFileType = file.xib; path = TurnByTurnTitleView.xib; sourceTree = "<group>"; };
		3ACD928F26CCF8CB0075CCF3 /* Info.plist */ = {isa = PBXFileReference; fileEncoding = 4; lastKnownFileType = text.plist.xml; path = Info.plist; sourceTree = "<group>"; };
		3ACD929026CCF8CB0075CCF3 /* Example.entitlements */ = {isa = PBXFileReference; fileEncoding = 4; lastKnownFileType = text.plist.entitlements; path = Example.entitlements; sourceTree = "<group>"; };
		3AD3B9DA2742115D00E33015 /* TGCardViewController */ = {isa = PBXFileReference; lastKnownFileType = folder; name = TGCardViewController; sourceTree = "<group>"; };
/* End PBXFileReference section */

/* Begin PBXFrameworksBuildPhase section */
		3ACA747D1E716AFC00408678 /* Frameworks */ = {
			isa = PBXFrameworksBuildPhase;
			buildActionMask = 2147483647;
			files = (
				3A789DFC26DCA6DB0035B61F /* TGCardViewController in Frameworks */,
			);
			runOnlyForDeploymentPostprocessing = 0;
		};
/* End PBXFrameworksBuildPhase section */

/* Begin PBXGroup section */
		3A789DFA26DCA6DB0035B61F /* Frameworks */ = {
			isa = PBXGroup;
			children = (
			);
			name = Frameworks;
			sourceTree = "<group>";
		};
		3ACA74771E716AFC00408678 = {
			isa = PBXGroup;
			children = (
				3ACD927026CCF8AA0075CCF3 /* Metadata */,
				3AD3B9D92742115D00E33015 /* Packages */,
				3ACD927126CCF8CB0075CCF3 /* Example */,
				3ACA74811E716AFC00408678 /* Products */,
				3A789DFA26DCA6DB0035B61F /* Frameworks */,
			);
			sourceTree = "<group>";
		};
		3ACA74811E716AFC00408678 /* Products */ = {
			isa = PBXGroup;
			children = (
				3ACA74801E716AFC00408678 /* Example.app */,
			);
			name = Products;
			sourceTree = "<group>";
		};
		3ACD927026CCF8AA0075CCF3 /* Metadata */ = {
			isa = PBXGroup;
			children = (
				3AA58E6320D8FEAB00FE37B0 /* README.md */,
				3AA58E6520D8FEBA00FE37B0 /* LICENSE */,
				3AA58E6420D8FEB400FE37B0 /* TGCardViewController.podspec */,
			);
			name = Metadata;
			sourceTree = "<group>";
		};
		3ACD927126CCF8CB0075CCF3 /* Example */ = {
			isa = PBXGroup;
			children = (
				3ACD927326CCF8CB0075CCF3 /* cards */,
				3ACD928A26CCF8CB0075CCF3 /* views */,
				3ACD928926CCF8CB0075CCF3 /* AppDelegate.swift */,
				3ACD927226CCF8CB0075CCF3 /* ExampleCardViewController.swift */,
				3ACD928226CCF8CB0075CCF3 /* Helpers.swift */,
				3ACD92AB26CCF91D0075CCF3 /* Supporting Files */,
			);
			path = Example;
			sourceTree = "<group>";
		};
		3ACD927326CCF8CB0075CCF3 /* cards */ = {
			isa = PBXGroup;
			children = (
				3ACD927426CCF8CB0075CCF3 /* ExampleCityCard.swift */,
				3ACD927526CCF8CB0075CCF3 /* ExampleAccessoryView.swift */,
				3ACD927626CCF8CB0075CCF3 /* ExampleLocationManager.swift */,
				3ACD927726CCF8CB0075CCF3 /* ExampleChildContentView.swift */,
				3ACD927826CCF8CB0075CCF3 /* ExamplePageCard.swift */,
				3ACD927926CCF8CB0075CCF3 /* ExampleTableCard.swift */,
				3ACD927A26CCF8CB0075CCF3 /* ExampleChildContentView.xib */,
				3ACD927B26CCF8CB0075CCF3 /* ExampleChildCard.swift */,
				3ACD927C26CCF8CB0075CCF3 /* ExampleAccessoryView.xib */,
				3ACD927D26CCF8CB0075CCF3 /* ExampleTableDataSource.swift */,
				3ACD927E26CCF8CB0075CCF3 /* ExampleMapManager.swift */,
				3ACD927F26CCF8CB0075CCF3 /* ExampleTableChildCard.swift */,
				3ACD928026CCF8CB0075CCF3 /* ExampleRootCard.swift */,
				3ACD928126CCF8CB0075CCF3 /* ExampleCustomTitleCard.swift */,
			);
			path = cards;
			sourceTree = "<group>";
		};
		3ACD928A26CCF8CB0075CCF3 /* views */ = {
			isa = PBXGroup;
			children = (
				3ACD928B26CCF8CB0075CCF3 /* TurnByTurnHeaderView.xib */,
				3ACD928C26CCF8CB0075CCF3 /* TurnByTurnHeaderView.swift */,
				3ACD928D26CCF8CB0075CCF3 /* TurnByTurnTitleView.swift */,
				3ACD928E26CCF8CB0075CCF3 /* TurnByTurnTitleView.xib */,
			);
			path = views;
			sourceTree = "<group>";
		};
		3ACD92AB26CCF91D0075CCF3 /* Supporting Files */ = {
			isa = PBXGroup;
			children = (
				3ACD928326CCF8CB0075CCF3 /* Assets.xcassets */,
				3ACD928826CCF8CB0075CCF3 /* Default-568h@2x.png */,
				3ACD929026CCF8CB0075CCF3 /* Example.entitlements */,
				3ACD928F26CCF8CB0075CCF3 /* Info.plist */,
				3ACD928426CCF8CB0075CCF3 /* LaunchScreen.storyboard */,
				3ACD928626CCF8CB0075CCF3 /* Main.storyboard */,
			);
			path = "Supporting Files";
			sourceTree = "<group>";
		};
		3AD3B9D92742115D00E33015 /* Packages */ = {
			isa = PBXGroup;
			children = (
				3AD3B9DA2742115D00E33015 /* TGCardViewController */,
			);
			name = Packages;
			sourceTree = "<group>";
		};
/* End PBXGroup section */

/* Begin PBXNativeTarget section */
		3ACA747F1E716AFC00408678 /* Example */ = {
			isa = PBXNativeTarget;
			buildConfigurationList = 3ACA749D1E716AFC00408678 /* Build configuration list for PBXNativeTarget "Example" */;
			buildPhases = (
				3ACA747C1E716AFC00408678 /* Sources */,
				3ACA747D1E716AFC00408678 /* Frameworks */,
				3ACA747E1E716AFC00408678 /* Resources */,
				3A7C348F201F2C0B00F66A35 /* Embed Frameworks */,
			);
			buildRules = (
			);
			dependencies = (
			);
			name = Example;
			packageProductDependencies = (
				3A789DFB26DCA6DB0035B61F /* TGCardViewController */,
			);
			productName = TGCardViewController;
			productReference = 3ACA74801E716AFC00408678 /* Example.app */;
			productType = "com.apple.product-type.application";
		};
/* End PBXNativeTarget section */

/* Begin PBXProject section */
		3ACA74781E716AFC00408678 /* Project object */ = {
			isa = PBXProject;
			attributes = {
				CLASSPREFIX = TG;
				LastSwiftUpdateCheck = 0820;
				LastUpgradeCheck = 1200;
				ORGANIZATIONNAME = "SkedGo Pty Ltd";
				TargetAttributes = {
					3ACA747F1E716AFC00408678 = {
						CreatedOnToolsVersion = 8.2.1;
						LastSwiftMigration = 1020;
						ProvisioningStyle = Automatic;
					};
				};
			};
			buildConfigurationList = 3ACA747B1E716AFC00408678 /* Build configuration list for PBXProject "TGCardViewController" */;
			compatibilityVersion = "Xcode 9.3";
			developmentRegion = en;
			hasScannedForEncodings = 0;
			knownRegions = (
				en,
				Base,
			);
			mainGroup = 3ACA74771E716AFC00408678;
			productRefGroup = 3ACA74811E716AFC00408678 /* Products */;
			projectDirPath = "";
			projectRoot = "";
			targets = (
				3ACA747F1E716AFC00408678 /* Example */,
			);
		};
/* End PBXProject section */

/* Begin PBXResourcesBuildPhase section */
		3ACA747E1E716AFC00408678 /* Resources */ = {
			isa = PBXResourcesBuildPhase;
			buildActionMask = 2147483647;
			files = (
				3ACD929A26CCF8CB0075CCF3 /* ExampleAccessoryView.xib in Resources */,
				3ACD92A626CCF8CB0075CCF3 /* TurnByTurnHeaderView.xib in Resources */,
				3ACD92A926CCF8CB0075CCF3 /* TurnByTurnTitleView.xib in Resources */,
				3ACD92A326CCF8CB0075CCF3 /* Main.storyboard in Resources */,
				3ACD92A226CCF8CB0075CCF3 /* LaunchScreen.storyboard in Resources */,
				3ACD92A126CCF8CB0075CCF3 /* Assets.xcassets in Resources */,
				3ACD929826CCF8CB0075CCF3 /* ExampleChildContentView.xib in Resources */,
				3ACD92A426CCF8CB0075CCF3 /* Default-568h@2x.png in Resources */,
			);
			runOnlyForDeploymentPostprocessing = 0;
		};
/* End PBXResourcesBuildPhase section */

/* Begin PBXSourcesBuildPhase section */
		3ACA747C1E716AFC00408678 /* Sources */ = {
			isa = PBXSourcesBuildPhase;
			buildActionMask = 2147483647;
			files = (
				3ACD929F26CCF8CB0075CCF3 /* ExampleCustomTitleCard.swift in Sources */,
				3ACD92A026CCF8CB0075CCF3 /* Helpers.swift in Sources */,
				3ACD929326CCF8CB0075CCF3 /* ExampleAccessoryView.swift in Sources */,
				3ACD92A526CCF8CB0075CCF3 /* AppDelegate.swift in Sources */,
				3ACD929C26CCF8CB0075CCF3 /* ExampleMapManager.swift in Sources */,
				3ACD929E26CCF8CB0075CCF3 /* ExampleRootCard.swift in Sources */,
				3ACD92A726CCF8CB0075CCF3 /* TurnByTurnHeaderView.swift in Sources */,
				3ACD929626CCF8CB0075CCF3 /* ExamplePageCard.swift in Sources */,
				3ACD929726CCF8CB0075CCF3 /* ExampleTableCard.swift in Sources */,
				3ACD929926CCF8CB0075CCF3 /* ExampleChildCard.swift in Sources */,
				3ACD929B26CCF8CB0075CCF3 /* ExampleTableDataSource.swift in Sources */,
				3ACD92A826CCF8CB0075CCF3 /* TurnByTurnTitleView.swift in Sources */,
				3ACD929126CCF8CB0075CCF3 /* ExampleCardViewController.swift in Sources */,
				3ACD929226CCF8CB0075CCF3 /* ExampleCityCard.swift in Sources */,
				3ACD929526CCF8CB0075CCF3 /* ExampleChildContentView.swift in Sources */,
				3ACD929426CCF8CB0075CCF3 /* ExampleLocationManager.swift in Sources */,
				3ACD929D26CCF8CB0075CCF3 /* ExampleTableChildCard.swift in Sources */,
			);
			runOnlyForDeploymentPostprocessing = 0;
		};
/* End PBXSourcesBuildPhase section */

/* Begin PBXVariantGroup section */
		3ACD928426CCF8CB0075CCF3 /* LaunchScreen.storyboard */ = {
			isa = PBXVariantGroup;
			children = (
				3ACD928526CCF8CB0075CCF3 /* Base */,
			);
			name = LaunchScreen.storyboard;
			sourceTree = "<group>";
		};
		3ACD928626CCF8CB0075CCF3 /* Main.storyboard */ = {
			isa = PBXVariantGroup;
			children = (
				3ACD928726CCF8CB0075CCF3 /* Base */,
			);
			name = Main.storyboard;
			sourceTree = "<group>";
		};
/* End PBXVariantGroup section */

/* Begin XCBuildConfiguration section */
		3ACA749B1E716AFC00408678 /* Debug */ = {
			isa = XCBuildConfiguration;
			buildSettings = {
				ALWAYS_SEARCH_USER_PATHS = NO;
				CLANG_ANALYZER_LOCALIZABILITY_NONLOCALIZED = YES;
				CLANG_ANALYZER_NONNULL = YES;
				CLANG_CXX_LANGUAGE_STANDARD = "gnu++0x";
				CLANG_CXX_LIBRARY = "libc++";
				CLANG_ENABLE_MODULES = YES;
				CLANG_ENABLE_OBJC_ARC = YES;
				CLANG_WARN_BLOCK_CAPTURE_AUTORELEASING = YES;
				CLANG_WARN_BOOL_CONVERSION = YES;
				CLANG_WARN_COMMA = YES;
				CLANG_WARN_CONSTANT_CONVERSION = YES;
				CLANG_WARN_DEPRECATED_OBJC_IMPLEMENTATIONS = YES;
				CLANG_WARN_DIRECT_OBJC_ISA_USAGE = YES_ERROR;
				CLANG_WARN_DOCUMENTATION_COMMENTS = YES;
				CLANG_WARN_EMPTY_BODY = YES;
				CLANG_WARN_ENUM_CONVERSION = YES;
				CLANG_WARN_INFINITE_RECURSION = YES;
				CLANG_WARN_INT_CONVERSION = YES;
				CLANG_WARN_NON_LITERAL_NULL_CONVERSION = YES;
				CLANG_WARN_OBJC_IMPLICIT_RETAIN_SELF = YES;
				CLANG_WARN_OBJC_LITERAL_CONVERSION = YES;
				CLANG_WARN_OBJC_ROOT_CLASS = YES_ERROR;
				CLANG_WARN_QUOTED_INCLUDE_IN_FRAMEWORK_HEADER = YES;
				CLANG_WARN_RANGE_LOOP_ANALYSIS = YES;
				CLANG_WARN_STRICT_PROTOTYPES = YES;
				CLANG_WARN_SUSPICIOUS_MOVE = YES;
				CLANG_WARN_UNREACHABLE_CODE = YES;
				CLANG_WARN__DUPLICATE_METHOD_MATCH = YES;
				"CODE_SIGN_IDENTITY[sdk=iphoneos*]" = "iPhone Developer";
				COPY_PHASE_STRIP = NO;
				CURRENT_PROJECT_VERSION = 1;
				DEBUG_INFORMATION_FORMAT = dwarf;
				ENABLE_STRICT_OBJC_MSGSEND = YES;
				ENABLE_TESTABILITY = YES;
				GCC_C_LANGUAGE_STANDARD = gnu99;
				GCC_DYNAMIC_NO_PIC = NO;
				GCC_NO_COMMON_BLOCKS = YES;
				GCC_OPTIMIZATION_LEVEL = 0;
				GCC_PREPROCESSOR_DEFINITIONS = (
					"DEBUG=1",
					"$(inherited)",
				);
				GCC_WARN_64_TO_32_BIT_CONVERSION = YES;
				GCC_WARN_ABOUT_RETURN_TYPE = YES_ERROR;
				GCC_WARN_UNDECLARED_SELECTOR = YES;
				GCC_WARN_UNINITIALIZED_AUTOS = YES_AGGRESSIVE;
				GCC_WARN_UNUSED_FUNCTION = YES;
				GCC_WARN_UNUSED_VARIABLE = YES;
				IPHONEOS_DEPLOYMENT_TARGET = 13.0;
				MTL_ENABLE_DEBUG_INFO = YES;
				ONLY_ACTIVE_ARCH = YES;
				SDKROOT = iphoneos;
				SWIFT_ACTIVE_COMPILATION_CONDITIONS = DEBUG;
				SWIFT_OPTIMIZATION_LEVEL = "-Onone";
				TARGETED_DEVICE_FAMILY = "1,2";
			};
			name = Debug;
		};
		3ACA749C1E716AFC00408678 /* Release */ = {
			isa = XCBuildConfiguration;
			buildSettings = {
				ALWAYS_SEARCH_USER_PATHS = NO;
				CLANG_ANALYZER_LOCALIZABILITY_NONLOCALIZED = YES;
				CLANG_ANALYZER_NONNULL = YES;
				CLANG_CXX_LANGUAGE_STANDARD = "gnu++0x";
				CLANG_CXX_LIBRARY = "libc++";
				CLANG_ENABLE_MODULES = YES;
				CLANG_ENABLE_OBJC_ARC = YES;
				CLANG_WARN_BLOCK_CAPTURE_AUTORELEASING = YES;
				CLANG_WARN_BOOL_CONVERSION = YES;
				CLANG_WARN_COMMA = YES;
				CLANG_WARN_CONSTANT_CONVERSION = YES;
				CLANG_WARN_DEPRECATED_OBJC_IMPLEMENTATIONS = YES;
				CLANG_WARN_DIRECT_OBJC_ISA_USAGE = YES_ERROR;
				CLANG_WARN_DOCUMENTATION_COMMENTS = YES;
				CLANG_WARN_EMPTY_BODY = YES;
				CLANG_WARN_ENUM_CONVERSION = YES;
				CLANG_WARN_INFINITE_RECURSION = YES;
				CLANG_WARN_INT_CONVERSION = YES;
				CLANG_WARN_NON_LITERAL_NULL_CONVERSION = YES;
				CLANG_WARN_OBJC_IMPLICIT_RETAIN_SELF = YES;
				CLANG_WARN_OBJC_LITERAL_CONVERSION = YES;
				CLANG_WARN_OBJC_ROOT_CLASS = YES_ERROR;
				CLANG_WARN_QUOTED_INCLUDE_IN_FRAMEWORK_HEADER = YES;
				CLANG_WARN_RANGE_LOOP_ANALYSIS = YES;
				CLANG_WARN_STRICT_PROTOTYPES = YES;
				CLANG_WARN_SUSPICIOUS_MOVE = YES;
				CLANG_WARN_UNREACHABLE_CODE = YES;
				CLANG_WARN__DUPLICATE_METHOD_MATCH = YES;
				"CODE_SIGN_IDENTITY[sdk=iphoneos*]" = "iPhone Developer";
				COPY_PHASE_STRIP = NO;
				CURRENT_PROJECT_VERSION = 1;
				DEBUG_INFORMATION_FORMAT = "dwarf-with-dsym";
				ENABLE_NS_ASSERTIONS = NO;
				ENABLE_STRICT_OBJC_MSGSEND = YES;
				GCC_C_LANGUAGE_STANDARD = gnu99;
				GCC_NO_COMMON_BLOCKS = YES;
				GCC_WARN_64_TO_32_BIT_CONVERSION = YES;
				GCC_WARN_ABOUT_RETURN_TYPE = YES_ERROR;
				GCC_WARN_UNDECLARED_SELECTOR = YES;
				GCC_WARN_UNINITIALIZED_AUTOS = YES_AGGRESSIVE;
				GCC_WARN_UNUSED_FUNCTION = YES;
				GCC_WARN_UNUSED_VARIABLE = YES;
				IPHONEOS_DEPLOYMENT_TARGET = 13.0;
				MTL_ENABLE_DEBUG_INFO = NO;
				SDKROOT = iphoneos;
				SWIFT_COMPILATION_MODE = wholemodule;
				SWIFT_OPTIMIZATION_LEVEL = "-O";
				TARGETED_DEVICE_FAMILY = "1,2";
				VALIDATE_PRODUCT = YES;
			};
			name = Release;
		};
		3ACA749E1E716AFC00408678 /* Debug */ = {
			isa = XCBuildConfiguration;
			buildSettings = {
				ASSETCATALOG_COMPILER_APPICON_NAME = AppIcon;
				CODE_SIGN_ENTITLEMENTS = "Example/Supporting Files/Example.entitlements";
				CODE_SIGN_IDENTITY = "iPhone Developer";
				DERIVE_MACCATALYST_PRODUCT_BUNDLE_IDENTIFIER = YES;
				DEVELOPMENT_TEAM = JFT62W5LA3;
				INFOPLIST_FILE = "Example/Supporting Files/Info.plist";
				LD_RUNPATH_SEARCH_PATHS = (
					"$(inherited)",
					"@executable_path/Frameworks",
				);
				PRODUCT_BUNDLE_IDENTIFIER = com.buzzhives.TGCardViewController;
				PRODUCT_NAME = "$(TARGET_NAME)";
				SUPPORTS_MACCATALYST = YES;
				SWIFT_VERSION = 5.0;
			};
			name = Debug;
		};
		3ACA749F1E716AFC00408678 /* Release */ = {
			isa = XCBuildConfiguration;
			buildSettings = {
				ASSETCATALOG_COMPILER_APPICON_NAME = AppIcon;
				CODE_SIGN_ENTITLEMENTS = "Example/Supporting Files/Example.entitlements";
				CODE_SIGN_IDENTITY = "iPhone Developer";
				DERIVE_MACCATALYST_PRODUCT_BUNDLE_IDENTIFIER = YES;
				DEVELOPMENT_TEAM = JFT62W5LA3;
				INFOPLIST_FILE = "Example/Supporting Files/Info.plist";
				LD_RUNPATH_SEARCH_PATHS = (
					"$(inherited)",
					"@executable_path/Frameworks",
				);
				PRODUCT_BUNDLE_IDENTIFIER = com.buzzhives.TGCardViewController;
				PRODUCT_NAME = "$(TARGET_NAME)";
				SUPPORTS_MACCATALYST = YES;
				SWIFT_VERSION = 5.0;
			};
			name = Release;
		};
/* End XCBuildConfiguration section */

/* Begin XCConfigurationList section */
		3ACA747B1E716AFC00408678 /* Build configuration list for PBXProject "TGCardViewController" */ = {
			isa = XCConfigurationList;
			buildConfigurations = (
				3ACA749B1E716AFC00408678 /* Debug */,
				3ACA749C1E716AFC00408678 /* Release */,
			);
			defaultConfigurationIsVisible = 0;
			defaultConfigurationName = Release;
		};
		3ACA749D1E716AFC00408678 /* Build configuration list for PBXNativeTarget "Example" */ = {
			isa = XCConfigurationList;
			buildConfigurations = (
				3ACA749E1E716AFC00408678 /* Debug */,
				3ACA749F1E716AFC00408678 /* Release */,
			);
			defaultConfigurationIsVisible = 0;
			defaultConfigurationName = Release;
		};
/* End XCConfigurationList section */

/* Begin XCSwiftPackageProductDependency section */
		3A789DFB26DCA6DB0035B61F /* TGCardViewController */ = {
			isa = XCSwiftPackageProductDependency;
			productName = TGCardViewController;
		};
/* End XCSwiftPackageProductDependency section */
	};
	rootObject = 3ACA74781E716AFC00408678 /* Project object */;
}
